
Microsoft Visual Studio Solution File, Format Version 11.00
# Visual Studio 2010
Project("{8BC9CEB8-8B4A-11D0-8D11-00A0C91BC942}") = "sdizo", "sdizo.vcxproj", "{025AA7DA-A9A0-416A-B501-42D545988E8D}"
EndProject
Global
	GlobalSection(SolutionConfigurationPlatforms) = preSolution
		Debug|Win32 = Debug|Win32
		Release|Win32 = Release|Win32
	EndGlobalSection
	GlobalSection(ProjectConfigurationPlatforms) = postSolution
		{025AA7DA-A9A0-416A-B501-42D545988E8D}.Debug|Win32.ActiveCfg = Debug|Win32
		{025AA7DA-A9A0-416A-B501-42D545988E8D}.Debug|Win32.Build.0 = Debug|Win32
		{025AA7DA-A9A0-416A-B501-42D545988E8D}.Release|Win32.ActiveCfg = Release|Win32
		{025AA7DA-A9A0-416A-B501-42D545988E8D}.Release|Win32.Build.0 = Release|Win32
	EndGlobalSection
	GlobalSection(SolutionProperties) = preSolution
		HideSolutionNode = FALSE
	EndGlobalSection
EndGlobal
